
Microsoft Visual Studio Solution File, Format Version 12.00
# Visual Studio Version 16
VisualStudioVersion = 16.0.31005.135
MinimumVisualStudioVersion = 10.0.40219.1
Project("{8BC9CEB8-8B4A-11D0-8D11-00A0C91BC942}") = "DeSmuME_VS2012", "DeSmuME_2012.vcxproj", "{9F5F72A1-D3A5-4918-B460-E076B16D10A9}"
EndProject
Project("{8BC9CEB8-8B4A-11D0-8D11-00A0C91BC942}") = "rpc", "rpclib\VS\rpc.vcxproj", "{5F1CCE88-8227-3AAB-A9E9-18487C29BBDF}"
EndProject
Global
	GlobalSection(SolutionConfigurationPlatforms) = preSolution
		Debug|Win32 = Debug|Win32
		Debug|x64 = Debug|x64
		Dev+|Win32 = Dev+|Win32
		Dev+|x64 = Dev+|x64
		MinSizeRel|Win32 = MinSizeRel|Win32
		MinSizeRel|x64 = MinSizeRel|x64
		Release|Win32 = Release|Win32
		Release|x64 = Release|x64
		RelWithDebInfo|Win32 = RelWithDebInfo|Win32
		RelWithDebInfo|x64 = RelWithDebInfo|x64
	EndGlobalSection
	GlobalSection(ProjectConfigurationPlatforms) = postSolution
		{9F5F72A1-D3A5-4918-B460-E076B16D10A9}.Debug|Win32.ActiveCfg = Debug|Win32
		{9F5F72A1-D3A5-4918-B460-E076B16D10A9}.Debug|Win32.Build.0 = Debug|Win32
		{9F5F72A1-D3A5-4918-B460-E076B16D10A9}.Debug|x64.ActiveCfg = Debug|x64
		{9F5F72A1-D3A5-4918-B460-E076B16D10A9}.Debug|x64.Build.0 = Debug|x64
		{9F5F72A1-D3A5-4918-B460-E076B16D10A9}.Dev+|Win32.ActiveCfg = Dev+|Win32
		{9F5F72A1-D3A5-4918-B460-E076B16D10A9}.Dev+|Win32.Build.0 = Dev+|Win32
		{9F5F72A1-D3A5-4918-B460-E076B16D10A9}.Dev+|x64.ActiveCfg = Dev+|x64
		{9F5F72A1-D3A5-4918-B460-E076B16D10A9}.Dev+|x64.Build.0 = Dev+|x64
		{9F5F72A1-D3A5-4918-B460-E076B16D10A9}.MinSizeRel|Win32.ActiveCfg = Release|Win32
		{9F5F72A1-D3A5-4918-B460-E076B16D10A9}.MinSizeRel|Win32.Build.0 = Release|Win32
		{9F5F72A1-D3A5-4918-B460-E076B16D10A9}.MinSizeRel|x64.ActiveCfg = Release|x64
		{9F5F72A1-D3A5-4918-B460-E076B16D10A9}.MinSizeRel|x64.Build.0 = Release|x64
		{9F5F72A1-D3A5-4918-B460-E076B16D10A9}.Release|Win32.ActiveCfg = Release|Win32
		{9F5F72A1-D3A5-4918-B460-E076B16D10A9}.Release|Win32.Build.0 = Release|Win32
		{9F5F72A1-D3A5-4918-B460-E076B16D10A9}.Release|x64.ActiveCfg = Release|x64
		{9F5F72A1-D3A5-4918-B460-E076B16D10A9}.Release|x64.Build.0 = Release|x64
		{9F5F72A1-D3A5-4918-B460-E076B16D10A9}.RelWithDebInfo|Win32.ActiveCfg = Release|Win32
		{9F5F72A1-D3A5-4918-B460-E076B16D10A9}.RelWithDebInfo|Win32.Build.0 = Release|Win32
		{9F5F72A1-D3A5-4918-B460-E076B16D10A9}.RelWithDebInfo|x64.ActiveCfg = Release|x64
		{9F5F72A1-D3A5-4918-B460-E076B16D10A9}.RelWithDebInfo|x64.Build.0 = Release|x64
		{5F1CCE88-8227-3AAB-A9E9-18487C29BBDF}.Debug|Win32.ActiveCfg = Debug|Win32
		{5F1CCE88-8227-3AAB-A9E9-18487C29BBDF}.Debug|Win32.Build.0 = Debug|Win32
		{5F1CCE88-8227-3AAB-A9E9-18487C29BBDF}.Debug|x64.ActiveCfg = Debug|x64
		{5F1CCE88-8227-3AAB-A9E9-18487C29BBDF}.Debug|x64.Build.0 = Debug|x64
		{5F1CCE88-8227-3AAB-A9E9-18487C29BBDF}.Dev+|Win32.ActiveCfg = RelWithDebInfo|x64
		{5F1CCE88-8227-3AAB-A9E9-18487C29BBDF}.Dev+|Win32.Build.0 = RelWithDebInfo|x64
		{5F1CCE88-8227-3AAB-A9E9-18487C29BBDF}.Dev+|x64.ActiveCfg = Debug|x64
		{5F1CCE88-8227-3AAB-A9E9-18487C29BBDF}.Dev+|x64.Build.0 = Debug|x64
		{5F1CCE88-8227-3AAB-A9E9-18487C29BBDF}.MinSizeRel|Win32.ActiveCfg = MinSizeRel|x64
		{5F1CCE88-8227-3AAB-A9E9-18487C29BBDF}.MinSizeRel|x64.ActiveCfg = MinSizeRel|x64
		{5F1CCE88-8227-3AAB-A9E9-18487C29BBDF}.MinSizeRel|x64.Build.0 = MinSizeRel|x64
		{5F1CCE88-8227-3AAB-A9E9-18487C29BBDF}.Release|Win32.ActiveCfg = Release|x64
		{5F1CCE88-8227-3AAB-A9E9-18487C29BBDF}.Release|x64.ActiveCfg = Release|x64
		{5F1CCE88-8227-3AAB-A9E9-18487C29BBDF}.Release|x64.Build.0 = Release|x64
		{5F1CCE88-8227-3AAB-A9E9-18487C29BBDF}.RelWithDebInfo|Win32.ActiveCfg = RelWithDebInfo|x64
		{5F1CCE88-8227-3AAB-A9E9-18487C29BBDF}.RelWithDebInfo|x64.ActiveCfg = RelWithDebInfo|x64
		{5F1CCE88-8227-3AAB-A9E9-18487C29BBDF}.RelWithDebInfo|x64.Build.0 = RelWithDebInfo|x64
	EndGlobalSection
	GlobalSection(SolutionProperties) = preSolution
		HideSolutionNode = FALSE
	EndGlobalSection
	GlobalSection(ExtensibilityGlobals) = postSolution
		SolutionGuid = {DD146EAF-A5A3-4CE7-A5F1-C302B4D625C7}
	EndGlobalSection
EndGlobal
